
Microsoft Visual Studio Solution File, Format Version 12.00
# Visual Studio Version 16
VisualStudioVersion = 16.0.808.3
MinimumVisualStudioVersion = 10.0.40219.1
Project("{9A19103F-16F7-4668-BE54-9A1E7A4F7556}") = "EhpadVaccin.ORM", "EhpadVaccin.ORM\EhpadVaccin.ORM.csproj", "{4CCA10C7-01F2-46A2-BAE1-778E36D1F3EC}"
EndProject
Project("{9A19103F-16F7-4668-BE54-9A1E7A4F7556}") = "EhpadVaccin.WEB", "EhpadVaccin.WEB\EhpadVaccin.WEB.csproj", "{0930B7DF-0BCC-458F-BC46-81A8CC94607B}"
EndProject
Global
	GlobalSection(SolutionConfigurationPlatforms) = preSolution
		Debug|Any CPU = Debug|Any CPU
		Release|Any CPU = Release|Any CPU
	EndGlobalSection
	GlobalSection(ProjectConfigurationPlatforms) = postSolution
		{4CCA10C7-01F2-46A2-BAE1-778E36D1F3EC}.Debug|Any CPU.ActiveCfg = Debug|Any CPU
		{4CCA10C7-01F2-46A2-BAE1-778E36D1F3EC}.Debug|Any CPU.Build.0 = Debug|Any CPU
		{4CCA10C7-01F2-46A2-BAE1-778E36D1F3EC}.Release|Any CPU.ActiveCfg = Release|Any CPU
		{4CCA10C7-01F2-46A2-BAE1-778E36D1F3EC}.Release|Any CPU.Build.0 = Release|Any CPU
		{0930B7DF-0BCC-458F-BC46-81A8CC94607B}.Debug|Any CPU.ActiveCfg = Debug|Any CPU
		{0930B7DF-0BCC-458F-BC46-81A8CC94607B}.Debug|Any CPU.Build.0 = Debug|Any CPU
		{0930B7DF-0BCC-458F-BC46-81A8CC94607B}.Release|Any CPU.ActiveCfg = Release|Any CPU
		{0930B7DF-0BCC-458F-BC46-81A8CC94607B}.Release|Any CPU.Build.0 = Release|Any CPU
	EndGlobalSection
	GlobalSection(SolutionProperties) = preSolution
		HideSolutionNode = FALSE
	EndGlobalSection
	GlobalSection(ExtensibilityGlobals) = postSolution
		SolutionGuid = {70F88E08-F830-4496-8DD7-CFD37F2E8F0A}
	EndGlobalSection
EndGlobal
